// !$*UTF8*$!
{
	archiveVersion = 1;
	classes = {
	};
	objectVersion = 50;
	objects = {

/* Begin PBXBuildFile section */
		98A38C352557416700CFB7AA /* AppDelegate.swift in Sources */ = {isa = PBXBuildFile; fileRef = 98A38C342557416700CFB7AA /* AppDelegate.swift */; };
		98A38C392557416700CFB7AA /* ViewController.swift in Sources */ = {isa = PBXBuildFile; fileRef = 98A38C382557416700CFB7AA /* ViewController.swift */; };
		98A38C3C2557416700CFB7AA /* Main.storyboard in Resources */ = {isa = PBXBuildFile; fileRef = 98A38C3A2557416700CFB7AA /* Main.storyboard */; };
		98A38C3E2557416A00CFB7AA /* Assets.xcassets in Resources */ = {isa = PBXBuildFile; fileRef = 98A38C3D2557416A00CFB7AA /* Assets.xcassets */; };
		98A38C412557416A00CFB7AA /* LaunchScreen.storyboard in Resources */ = {isa = PBXBuildFile; fileRef = 98A38C3F2557416A00CFB7AA /* LaunchScreen.storyboard */; };
		98A38C50255742BC00CFB7AA /* MainNavigationController.swift in Sources */ = {isa = PBXBuildFile; fileRef = 98A38C4F255742BC00CFB7AA /* MainNavigationController.swift */; };
		98A38C562557433A00CFB7AA /* CustomTabBarController.swift in Sources */ = {isa = PBXBuildFile; fileRef = 98A38C552557433A00CFB7AA /* CustomTabBarController.swift */; };
		98A38C5F255743EA00CFB7AA /* GroupCell.swift in Sources */ = {isa = PBXBuildFile; fileRef = 98A38C5E255743EA00CFB7AA /* GroupCell.swift */; };
		98A38C652557512D00CFB7AA /* BaseCell.swift in Sources */ = {isa = PBXBuildFile; fileRef = 98A38C642557512D00CFB7AA /* BaseCell.swift */; };
		98A38C692557517600CFB7AA /* GroupController.swift in Sources */ = {isa = PBXBuildFile; fileRef = 98A38C682557517600CFB7AA /* GroupController.swift */; };
		98A38C6C2557519500CFB7AA /* Group.swift in Sources */ = {isa = PBXBuildFile; fileRef = 98A38C6B2557519500CFB7AA /* Group.swift */; };
/* End PBXBuildFile section */

/* Begin PBXFileReference section */
		98A38C312557416700CFB7AA /* VolInfo.app */ = {isa = PBXFileReference; explicitFileType = wrapper.application; includeInIndex = 0; path = VolInfo.app; sourceTree = BUILT_PRODUCTS_DIR; };
		98A38C342557416700CFB7AA /* AppDelegate.swift */ = {isa = PBXFileReference; lastKnownFileType = sourcecode.swift; path = AppDelegate.swift; sourceTree = "<group>"; };
		98A38C382557416700CFB7AA /* ViewController.swift */ = {isa = PBXFileReference; lastKnownFileType = sourcecode.swift; path = ViewController.swift; sourceTree = "<group>"; };
		98A38C3B2557416700CFB7AA /* Base */ = {isa = PBXFileReference; lastKnownFileType = file.storyboard; name = Base; path = Base.lproj/Main.storyboard; sourceTree = "<group>"; };
		98A38C3D2557416A00CFB7AA /* Assets.xcassets */ = {isa = PBXFileReference; lastKnownFileType = folder.assetcatalog; path = Assets.xcassets; sourceTree = "<group>"; };
		98A38C402557416A00CFB7AA /* Base */ = {isa = PBXFileReference; lastKnownFileType = file.storyboard; name = Base; path = Base.lproj/LaunchScreen.storyboard; sourceTree = "<group>"; };
		98A38C422557416A00CFB7AA /* Info.plist */ = {isa = PBXFileReference; lastKnownFileType = text.plist.xml; path = Info.plist; sourceTree = "<group>"; };
		98A38C4F255742BC00CFB7AA /* MainNavigationController.swift */ = {isa = PBXFileReference; lastKnownFileType = sourcecode.swift; path = MainNavigationController.swift; sourceTree = "<group>"; };
		98A38C552557433A00CFB7AA /* CustomTabBarController.swift */ = {isa = PBXFileReference; lastKnownFileType = sourcecode.swift; path = CustomTabBarController.swift; sourceTree = "<group>"; };
		98A38C5E255743EA00CFB7AA /* GroupCell.swift */ = {isa = PBXFileReference; lastKnownFileType = sourcecode.swift; path = GroupCell.swift; sourceTree = "<group>"; };
		98A38C642557512D00CFB7AA /* BaseCell.swift */ = {isa = PBXFileReference; lastKnownFileType = sourcecode.swift; path = BaseCell.swift; sourceTree = "<group>"; };
		98A38C682557517600CFB7AA /* GroupController.swift */ = {isa = PBXFileReference; lastKnownFileType = sourcecode.swift; path = GroupController.swift; sourceTree = "<group>"; };
		98A38C6B2557519500CFB7AA /* Group.swift */ = {isa = PBXFileReference; lastKnownFileType = sourcecode.swift; path = Group.swift; sourceTree = "<group>"; };
/* End PBXFileReference section */

/* Begin PBXFrameworksBuildPhase section */
		98A38C2E2557416700CFB7AA /* Frameworks */ = {
			isa = PBXFrameworksBuildPhase;
			buildActionMask = 2147483647;
			files = (
			);
			runOnlyForDeploymentPostprocessing = 0;
		};
/* End PBXFrameworksBuildPhase section */

/* Begin PBXGroup section */
		98A38C282557416700CFB7AA = {
			isa = PBXGroup;
			children = (
				98A38C332557416700CFB7AA /* VolInfo */,
				98A38C322557416700CFB7AA /* Products */,
			);
			sourceTree = "<group>";
		};
		98A38C322557416700CFB7AA /* Products */ = {
			isa = PBXGroup;
			children = (
				98A38C312557416700CFB7AA /* VolInfo.app */,
			);
			name = Products;
			sourceTree = "<group>";
		};
		98A38C332557416700CFB7AA /* VolInfo */ = {
			isa = PBXGroup;
			children = (
				98A38C622557511700CFB7AA /* Supporting Files */,
				98A38C58255743B400CFB7AA /* Scene3 */,
				98A38C522557430F00CFB7AA /* Scene2 */,
				98A38C4C2557426F00CFB7AA /* Scene1 */,
				98A38C4B2557424800CFB7AA /* App */,
				98A38C382557416700CFB7AA /* ViewController.swift */,
				98A38C3A2557416700CFB7AA /* Main.storyboard */,
				98A38C3D2557416A00CFB7AA /* Assets.xcassets */,
				98A38C3F2557416A00CFB7AA /* LaunchScreen.storyboard */,
				98A38C422557416A00CFB7AA /* Info.plist */,
			);
			path = VolInfo;
			sourceTree = "<group>";
		};
		98A38C4B2557424800CFB7AA /* App */ = {
			isa = PBXGroup;
			children = (
				98A38C342557416700CFB7AA /* AppDelegate.swift */,
			);
			path = App;
			sourceTree = "<group>";
		};
		98A38C4C2557426F00CFB7AA /* Scene1 */ = {
			isa = PBXGroup;
			children = (
				98A38C4D2557429E00CFB7AA /* Main */,
			);
			path = Scene1;
			sourceTree = "<group>";
		};
		98A38C4D2557429E00CFB7AA /* Main */ = {
			isa = PBXGroup;
			children = (
				98A38C4E255742A400CFB7AA /* Controller */,
			);
			path = Main;
			sourceTree = "<group>";
		};
		98A38C4E255742A400CFB7AA /* Controller */ = {
			isa = PBXGroup;
			children = (
				98A38C4F255742BC00CFB7AA /* MainNavigationController.swift */,
			);
			path = Controller;
			sourceTree = "<group>";
		};
		98A38C522557430F00CFB7AA /* Scene2 */ = {
			isa = PBXGroup;
			children = (
				98A38C532557432200CFB7AA /* TabBar */,
			);
			path = Scene2;
			sourceTree = "<group>";
		};
		98A38C532557432200CFB7AA /* TabBar */ = {
			isa = PBXGroup;
			children = (
				98A38C542557432A00CFB7AA /* Controller */,
			);
			path = TabBar;
			sourceTree = "<group>";
		};
		98A38C542557432A00CFB7AA /* Controller */ = {
			isa = PBXGroup;
			children = (
				98A38C552557433A00CFB7AA /* CustomTabBarController.swift */,
			);
			path = Controller;
			sourceTree = "<group>";
		};
		98A38C58255743B400CFB7AA /* Scene3 */ = {
			isa = PBXGroup;
			children = (
				98A38C5A255743BF00CFB7AA /* Item */,
				98A38C59255743B900CFB7AA /* Group */,
			);
			path = Scene3;
			sourceTree = "<group>";
		};
		98A38C59255743B900CFB7AA /* Group */ = {
			isa = PBXGroup;
			children = (
			);
			path = Group;
			sourceTree = "<group>";
		};
		98A38C5A255743BF00CFB7AA /* Item */ = {
			isa = PBXGroup;
			children = (
				98A38C5D255743D100CFB7AA /* View */,
				98A38C5C255743CD00CFB7AA /* Controller */,
				98A38C5B255743C900CFB7AA /* Model */,
			);
			path = Item;
			sourceTree = "<group>";
		};
		98A38C5B255743C900CFB7AA /* Model */ = {
			isa = PBXGroup;
			children = (
				98A38C6B2557519500CFB7AA /* Group.swift */,
			);
			path = Model;
			sourceTree = "<group>";
		};
		98A38C5C255743CD00CFB7AA /* Controller */ = {
			isa = PBXGroup;
			children = (
				98A38C682557517600CFB7AA /* GroupController.swift */,
			);
			path = Controller;
			sourceTree = "<group>";
		};
		98A38C5D255743D100CFB7AA /* View */ = {
			isa = PBXGroup;
			children = (
				98A38C5E255743EA00CFB7AA /* GroupCell.swift */,
			);
			path = View;
			sourceTree = "<group>";
		};
		98A38C622557511700CFB7AA /* Supporting Files */ = {
			isa = PBXGroup;
			children = (
				98A38C632557512100CFB7AA /* Inherited */,
			);
			path = "Supporting Files";
			sourceTree = "<group>";
		};
		98A38C632557512100CFB7AA /* Inherited */ = {
			isa = PBXGroup;
			children = (
				98A38C642557512D00CFB7AA /* BaseCell.swift */,
			);
			path = Inherited;
			sourceTree = "<group>";
		};
/* End PBXGroup section */

/* Begin PBXNativeTarget section */
		98A38C302557416700CFB7AA /* VolInfo */ = {
			isa = PBXNativeTarget;
			buildConfigurationList = 98A38C452557416A00CFB7AA /* Build configuration list for PBXNativeTarget "VolInfo" */;
			buildPhases = (
				98A38C2D2557416700CFB7AA /* Sources */,
				98A38C2E2557416700CFB7AA /* Frameworks */,
				98A38C2F2557416700CFB7AA /* Resources */,
			);
			buildRules = (
			);
			dependencies = (
			);
			name = VolInfo;
			productName = VolInfo;
			productReference = 98A38C312557416700CFB7AA /* VolInfo.app */;
			productType = "com.apple.product-type.application";
		};
/* End PBXNativeTarget section */

/* Begin PBXProject section */
		98A38C292557416700CFB7AA /* Project object */ = {
			isa = PBXProject;
			attributes = {
				LastSwiftUpdateCheck = 1200;
				LastUpgradeCheck = 1200;
				TargetAttributes = {
					98A38C302557416700CFB7AA = {
						CreatedOnToolsVersion = 12.0.1;
					};
				};
			};
			buildConfigurationList = 98A38C2C2557416700CFB7AA /* Build configuration list for PBXProject "VolInfo" */;
			compatibilityVersion = "Xcode 9.3";
			developmentRegion = en;
			hasScannedForEncodings = 0;
			knownRegions = (
				en,
				Base,
			);
			mainGroup = 98A38C282557416700CFB7AA;
			productRefGroup = 98A38C322557416700CFB7AA /* Products */;
			projectDirPath = "";
			projectRoot = "";
			targets = (
				98A38C302557416700CFB7AA /* VolInfo */,
			);
		};
/* End PBXProject section */

/* Begin PBXResourcesBuildPhase section */
		98A38C2F2557416700CFB7AA /* Resources */ = {
			isa = PBXResourcesBuildPhase;
			buildActionMask = 2147483647;
			files = (
				98A38C412557416A00CFB7AA /* LaunchScreen.storyboard in Resources */,
				98A38C3E2557416A00CFB7AA /* Assets.xcassets in Resources */,
				98A38C3C2557416700CFB7AA /* Main.storyboard in Resources */,
			);
			runOnlyForDeploymentPostprocessing = 0;
		};
/* End PBXResourcesBuildPhase section */

/* Begin PBXSourcesBuildPhase section */
		98A38C2D2557416700CFB7AA /* Sources */ = {
			isa = PBXSourcesBuildPhase;
			buildActionMask = 2147483647;
			files = (
				98A38C5F255743EA00CFB7AA /* GroupCell.swift in Sources */,
				98A38C50255742BC00CFB7AA /* MainNavigationController.swift in Sources */,
				98A38C692557517600CFB7AA /* GroupController.swift in Sources */,
				98A38C6C2557519500CFB7AA /* Group.swift in Sources */,
				98A38C392557416700CFB7AA /* ViewController.swift in Sources */,
				98A38C562557433A00CFB7AA /* CustomTabBarController.swift in Sources */,
				98A38C652557512D00CFB7AA /* BaseCell.swift in Sources */,
				98A38C352557416700CFB7AA /* AppDelegate.swift in Sources */,
			);
			runOnlyForDeploymentPostprocessing = 0;
		};
/* End PBXSourcesBuildPhase section */

/* Begin PBXVariantGroup section */
		98A38C3A2557416700CFB7AA /* Main.storyboard */ = {
			isa = PBXVariantGroup;
			children = (
				98A38C3B2557416700CFB7AA /* Base */,
			);
			name = Main.storyboard;
			sourceTree = "<group>";
		};
		98A38C3F2557416A00CFB7AA /* LaunchScreen.storyboard */ = {
			isa = PBXVariantGroup;
			children = (
				98A38C402557416A00CFB7AA /* Base */,
			);
			name = LaunchScreen.storyboard;
			sourceTree = "<group>";
		};
/* End PBXVariantGroup section */

/* Begin XCBuildConfiguration section */
		98A38C432557416A00CFB7AA /* Debug */ = {
			isa = XCBuildConfiguration;
			buildSettings = {
				ALWAYS_SEARCH_USER_PATHS = NO;
				CLANG_ANALYZER_NONNULL = YES;
				CLANG_ANALYZER_NUMBER_OBJECT_CONVERSION = YES_AGGRESSIVE;
				CLANG_CXX_LANGUAGE_STANDARD = "gnu++14";
				CLANG_CXX_LIBRARY = "libc++";
				CLANG_ENABLE_MODULES = YES;
				CLANG_ENABLE_OBJC_ARC = YES;
				CLANG_ENABLE_OBJC_WEAK = YES;
				CLANG_WARN_BLOCK_CAPTURE_AUTORELEASING = YES;
				CLANG_WARN_BOOL_CONVERSION = YES;
				CLANG_WARN_COMMA = YES;
				CLANG_WARN_CONSTANT_CONVERSION = YES;
				CLANG_WARN_DEPRECATED_OBJC_IMPLEMENTATIONS = YES;
				CLANG_WARN_DIRECT_OBJC_ISA_USAGE = YES_ERROR;
				CLANG_WARN_DOCUMENTATION_COMMENTS = YES;
				CLANG_WARN_EMPTY_BODY = YES;
				CLANG_WARN_ENUM_CONVERSION = YES;
				CLANG_WARN_INFINITE_RECURSION = YES;
				CLANG_WARN_INT_CONVERSION = YES;
				CLANG_WARN_NON_LITERAL_NULL_CONVERSION = YES;
				CLANG_WARN_OBJC_IMPLICIT_RETAIN_SELF = YES;
				CLANG_WARN_OBJC_LITERAL_CONVERSION = YES;
				CLANG_WARN_OBJC_ROOT_CLASS = YES_ERROR;
				CLANG_WARN_QUOTED_INCLUDE_IN_FRAMEWORK_HEADER = YES;
				CLANG_WARN_RANGE_LOOP_ANALYSIS = YES;
				CLANG_WARN_STRICT_PROTOTYPES = YES;
				CLANG_WARN_SUSPICIOUS_MOVE = YES;
				CLANG_WARN_UNGUARDED_AVAILABILITY = YES_AGGRESSIVE;
				CLANG_WARN_UNREACHABLE_CODE = YES;
				CLANG_WARN__DUPLICATE_METHOD_MATCH = YES;
				COPY_PHASE_STRIP = NO;
				DEBUG_INFORMATION_FORMAT = dwarf;
				ENABLE_STRICT_OBJC_MSGSEND = YES;
				ENABLE_TESTABILITY = YES;
				GCC_C_LANGUAGE_STANDARD = gnu11;
				GCC_DYNAMIC_NO_PIC = NO;
				GCC_NO_COMMON_BLOCKS = YES;
				GCC_OPTIMIZATION_LEVEL = 0;
				GCC_PREPROCESSOR_DEFINITIONS = (
					"DEBUG=1",
					"$(inherited)",
				);
				GCC_WARN_64_TO_32_BIT_CONVERSION = YES;
				GCC_WARN_ABOUT_RETURN_TYPE = YES_ERROR;
				GCC_WARN_UNDECLARED_SELECTOR = YES;
				GCC_WARN_UNINITIALIZED_AUTOS = YES_AGGRESSIVE;
				GCC_WARN_UNUSED_FUNCTION = YES;
				GCC_WARN_UNUSED_VARIABLE = YES;
				IPHONEOS_DEPLOYMENT_TARGET = 14.0;
				MTL_ENABLE_DEBUG_INFO = INCLUDE_SOURCE;
				MTL_FAST_MATH = YES;
				ONLY_ACTIVE_ARCH = YES;
				SDKROOT = iphoneos;
				SWIFT_ACTIVE_COMPILATION_CONDITIONS = DEBUG;
				SWIFT_OPTIMIZATION_LEVEL = "-Onone";
			};
			name = Debug;
		};
		98A38C442557416A00CFB7AA /* Release */ = {
			isa = XCBuildConfiguration;
			buildSettings = {
				ALWAYS_SEARCH_USER_PATHS = NO;
				CLANG_ANALYZER_NONNULL = YES;
				CLANG_ANALYZER_NUMBER_OBJECT_CONVERSION = YES_AGGRESSIVE;
				CLANG_CXX_LANGUAGE_STANDARD = "gnu++14";
				CLANG_CXX_LIBRARY = "libc++";
				CLANG_ENABLE_MODULES = YES;
				CLANG_ENABLE_OBJC_ARC = YES;
				CLANG_ENABLE_OBJC_WEAK = YES;
				CLANG_WARN_BLOCK_CAPTURE_AUTORELEASING = YES;
				CLANG_WARN_BOOL_CONVERSION = YES;
				CLANG_WARN_COMMA = YES;
				CLANG_WARN_CONSTANT_CONVERSION = YES;
				CLANG_WARN_DEPRECATED_OBJC_IMPLEMENTATIONS = YES;
				CLANG_WARN_DIRECT_OBJC_ISA_USAGE = YES_ERROR;
				CLANG_WARN_DOCUMENTATION_COMMENTS = YES;
				CLANG_WARN_EMPTY_BODY = YES;
				CLANG_WARN_ENUM_CONVERSION = YES;
				CLANG_WARN_INFINITE_RECURSION = YES;
				CLANG_WARN_INT_CONVERSION = YES;
				CLANG_WARN_NON_LITERAL_NULL_CONVERSION = YES;
				CLANG_WARN_OBJC_IMPLICIT_RETAIN_SELF = YES;
				CLANG_WARN_OBJC_LITERAL_CONVERSION = YES;
				CLANG_WARN_OBJC_ROOT_CLASS = YES_ERROR;
				CLANG_WARN_QUOTED_INCLUDE_IN_FRAMEWORK_HEADER = YES;
				CLANG_WARN_RANGE_LOOP_ANALYSIS = YES;
				CLANG_WARN_STRICT_PROTOTYPES = YES;
				CLANG_WARN_SUSPICIOUS_MOVE = YES;
				CLANG_WARN_UNGUARDED_AVAILABILITY = YES_AGGRESSIVE;
				CLANG_WARN_UNREACHABLE_CODE = YES;
				CLANG_WARN__DUPLICATE_METHOD_MATCH = YES;
				COPY_PHASE_STRIP = NO;
				DEBUG_INFORMATION_FORMAT = "dwarf-with-dsym";
				ENABLE_NS_ASSERTIONS = NO;
				ENABLE_STRICT_OBJC_MSGSEND = YES;
				GCC_C_LANGUAGE_STANDARD = gnu11;
				GCC_NO_COMMON_BLOCKS = YES;
				GCC_WARN_64_TO_32_BIT_CONVERSION = YES;
				GCC_WARN_ABOUT_RETURN_TYPE = YES_ERROR;
				GCC_WARN_UNDECLARED_SELECTOR = YES;
				GCC_WARN_UNINITIALIZED_AUTOS = YES_AGGRESSIVE;
				GCC_WARN_UNUSED_FUNCTION = YES;
				GCC_WARN_UNUSED_VARIABLE = YES;
				IPHONEOS_DEPLOYMENT_TARGET = 14.0;
				MTL_ENABLE_DEBUG_INFO = NO;
				MTL_FAST_MATH = YES;
				SDKROOT = iphoneos;
				SWIFT_COMPILATION_MODE = wholemodule;
				SWIFT_OPTIMIZATION_LEVEL = "-O";
				VALIDATE_PRODUCT = YES;
			};
			name = Release;
		};
		98A38C462557416A00CFB7AA /* Debug */ = {
			isa = XCBuildConfiguration;
			buildSettings = {
				ASSETCATALOG_COMPILER_APPICON_NAME = AppIcon;
				ASSETCATALOG_COMPILER_GLOBAL_ACCENT_COLOR_NAME = AccentColor;
				CODE_SIGN_STYLE = Automatic;
				DEVELOPMENT_TEAM = 9A27Z44H5M;
				INFOPLIST_FILE = VolInfo/Info.plist;
				IPHONEOS_DEPLOYMENT_TARGET = 12.0;
				LD_RUNPATH_SEARCH_PATHS = (
					"$(inherited)",
					"@executable_path/Frameworks",
				);
				PRODUCT_BUNDLE_IDENTIFIER = am.zett.ios.VolInfo;
				PRODUCT_NAME = "$(TARGET_NAME)";
				SWIFT_VERSION = 5.0;
				TARGETED_DEVICE_FAMILY = "1,2";
			};
			name = Debug;
		};
		98A38C472557416A00CFB7AA /* Release */ = {
			isa = XCBuildConfiguration;
			buildSettings = {
				ASSETCATALOG_COMPILER_APPICON_NAME = AppIcon;
				ASSETCATALOG_COMPILER_GLOBAL_ACCENT_COLOR_NAME = AccentColor;
				CODE_SIGN_STYLE = Automatic;
				DEVELOPMENT_TEAM = 9A27Z44H5M;
				INFOPLIST_FILE = VolInfo/Info.plist;
				IPHONEOS_DEPLOYMENT_TARGET = 12.0;
				LD_RUNPATH_SEARCH_PATHS = (
					"$(inherited)",
					"@executable_path/Frameworks",
				);
				PRODUCT_BUNDLE_IDENTIFIER = am.zett.ios.VolInfo;
				PRODUCT_NAME = "$(TARGET_NAME)";
				SWIFT_VERSION = 5.0;
				TARGETED_DEVICE_FAMILY = "1,2";
			};
			name = Release;
		};
/* End XCBuildConfiguration section */

/* Begin XCConfigurationList section */
		98A38C2C2557416700CFB7AA /* Build configuration list for PBXProject "VolInfo" */ = {
			isa = XCConfigurationList;
			buildConfigurations = (
				98A38C432557416A00CFB7AA /* Debug */,
				98A38C442557416A00CFB7AA /* Release */,
			);
			defaultConfigurationIsVisible = 0;
			defaultConfigurationName = Release;
		};
		98A38C452557416A00CFB7AA /* Build configuration list for PBXNativeTarget "VolInfo" */ = {
			isa = XCConfigurationList;
			buildConfigurations = (
				98A38C462557416A00CFB7AA /* Debug */,
				98A38C472557416A00CFB7AA /* Release */,
			);
			defaultConfigurationIsVisible = 0;
			defaultConfigurationName = Release;
		};
/* End XCConfigurationList section */
	};
	rootObject = 98A38C292557416700CFB7AA /* Project object */;
}
